// !$*UTF8*$!
{
	archiveVersion = 1;
	classes = {
	};
	objectVersion = 46;
	objects = {

/* Begin PBXBuildFile section */
		C9D5EF631961973A00AEDF1C /* QuickLook.framework in Frameworks */ = {isa = PBXBuildFile; fileRef = C9D5EF421961961800AEDF1C /* QuickLook.framework */; };
		C9D5EF641961973A00AEDF1C /* ApplicationServices.framework in Frameworks */ = {isa = PBXBuildFile; fileRef = C9D5EF441961961800AEDF1C /* ApplicationServices.framework */; };
		C9D5EF651961973A00AEDF1C /* CoreServices.framework in Frameworks */ = {isa = PBXBuildFile; fileRef = C9D5EF461961961800AEDF1C /* CoreServices.framework */; };
		C9D5EF661961973A00AEDF1C /* CoreFoundation.framework in Frameworks */ = {isa = PBXBuildFile; fileRef = C9D5EF481961961800AEDF1C /* CoreFoundation.framework */; };
		C9D5EF721961973A00AEDF1C /* main.c in Sources */ = {isa = PBXBuildFile; fileRef = C9D5EF711961973A00AEDF1C /* main.c */; };
		C9D5EF7B196197FD00AEDF1C /* ElektrikTrickQuickLook-Info.plist in Resources */ = {isa = PBXBuildFile; fileRef = C9D5EF77196197FD00AEDF1C /* ElektrikTrickQuickLook-Info.plist */; };
		C9D5EF7C196197FD00AEDF1C /* ElektrikTrickQuickLook-Prefix.pch in Headers */ = {isa = PBXBuildFile; fileRef = C9D5EF78196197FD00AEDF1C /* ElektrikTrickQuickLook-Prefix.pch */; };
		C9D5EF7D196197FD00AEDF1C /* InfoPlist.strings in Resources */ = {isa = PBXBuildFile; fileRef = C9D5EF79196197FD00AEDF1C /* InfoPlist.strings */; };
		C9D5EF8C1961981900AEDF1C /* ETModel.cpp in Sources */ = {isa = PBXBuildFile; fileRef = C9D5EF7E1961981900AEDF1C /* ETModel.cpp */; };
		C9D5EF8D1961981900AEDF1C /* ETModel.h in Headers */ = {isa = PBXBuildFile; fileRef = C9D5EF7F1961981900AEDF1C /* ETModel.h */; };
		C9D5EF8E1961981900AEDF1C /* ETModelCG.cpp in Sources */ = {isa = PBXBuildFile; fileRef = C9D5EF801961981900AEDF1C /* ETModelCG.cpp */; };
		C9D5EF8F1961981900AEDF1C /* ETModelCG.h in Headers */ = {isa = PBXBuildFile; fileRef = C9D5EF811961981900AEDF1C /* ETModelCG.h */; };
		C9D5EF921961981900AEDF1C /* ETQuickLookHelper.cpp in Sources */ = {isa = PBXBuildFile; fileRef = C9D5EF841961981900AEDF1C /* ETQuickLookHelper.cpp */; };
		C9D5EF931961981900AEDF1C /* ETQuickLookHelper.h in Headers */ = {isa = PBXBuildFile; fileRef = C9D5EF851961981900AEDF1C /* ETQuickLookHelper.h */; };
		C9D5EF941961981900AEDF1C /* ETTriangle.cpp in Sources */ = {isa = PBXBuildFile; fileRef = C9D5EF861961981900AEDF1C /* ETTriangle.cpp */; };
		C9D5EF951961981900AEDF1C /* ETTriangle.h in Headers */ = {isa = PBXBuildFile; fileRef = C9D5EF871961981900AEDF1C /* ETTriangle.h */; };
		C9D5EF961961981900AEDF1C /* ETVector.cpp in Sources */ = {isa = PBXBuildFile; fileRef = C9D5EF881961981900AEDF1C /* ETVector.cpp */; };
		C9D5EF971961981900AEDF1C /* ETVector.h in Headers */ = {isa = PBXBuildFile; fileRef = C9D5EF891961981900AEDF1C /* ETVector.h */; };
		C9D5EF981961981900AEDF1C /* GeneratePreviewForURL.mm in Sources */ = {isa = PBXBuildFile; fileRef = C9D5EF8A1961981900AEDF1C /* GeneratePreviewForURL.mm */; };
		C9D5EF991961981900AEDF1C /* GenerateThumbnailForURL.mm in Sources */ = {isa = PBXBuildFile; fileRef = C9D5EF8B1961981900AEDF1C /* GenerateThumbnailForURL.mm */; };
		C9D5EF9B196198E200AEDF1C /* ElektrikTrickQuickLook.qlgenerator in CopyFiles */ = {isa = PBXBuildFile; fileRef = C9D5EF621961973A00AEDF1C /* ElektrikTrickQuickLook.qlgenerator */; };
/* End PBXBuildFile section */

/* Begin PBXCopyFilesBuildPhase section */
		C9D5EF9A196198AC00AEDF1C /* CopyFiles */ = {
			isa = PBXCopyFilesBuildPhase;
			buildActionMask = 2147483647;
			dstPath = /Users/matt/Library/QuickLook;
			dstSubfolderSpec = 0;
			files = (
				C9D5EF9B196198E200AEDF1C /* ElektrikTrickQuickLook.qlgenerator in CopyFiles */,
			);
			runOnlyForDeploymentPostprocessing = 0;
		};
/* End PBXCopyFilesBuildPhase section */

/* Begin PBXFileReference section */
		C9D5EF421961961800AEDF1C /* QuickLook.framework */ = {isa = PBXFileReference; lastKnownFileType = wrapper.framework; name = QuickLook.framework; path = System/Library/Frameworks/QuickLook.framework; sourceTree = SDKROOT; };
		C9D5EF441961961800AEDF1C /* ApplicationServices.framework */ = {isa = PBXFileReference; lastKnownFileType = wrapper.framework; name = ApplicationServices.framework; path = System/Library/Frameworks/ApplicationServices.framework; sourceTree = SDKROOT; };
		C9D5EF461961961800AEDF1C /* CoreServices.framework */ = {isa = PBXFileReference; lastKnownFileType = wrapper.framework; name = CoreServices.framework; path = System/Library/Frameworks/CoreServices.framework; sourceTree = SDKROOT; };
		C9D5EF481961961800AEDF1C /* CoreFoundation.framework */ = {isa = PBXFileReference; lastKnownFileType = wrapper.framework; name = CoreFoundation.framework; path = System/Library/Frameworks/CoreFoundation.framework; sourceTree = SDKROOT; };
		C9D5EF621961973A00AEDF1C /* ElektrikTrickQuickLook.qlgenerator */ = {isa = PBXFileReference; explicitFileType = wrapper.cfbundle; includeInIndex = 0; path = ElektrikTrickQuickLook.qlgenerator; sourceTree = BUILT_PRODUCTS_DIR; };
		C9D5EF711961973A00AEDF1C /* main.c */ = {isa = PBXFileReference; lastKnownFileType = sourcecode.c.c; path = main.c; sourceTree = "<group>"; };
		C9D5EF77196197FD00AEDF1C /* ElektrikTrickQuickLook-Info.plist */ = {isa = PBXFileReference; fileEncoding = 4; lastKnownFileType = text.plist.xml; path = "ElektrikTrickQuickLook-Info.plist"; sourceTree = "<group>"; };
		C9D5EF78196197FD00AEDF1C /* ElektrikTrickQuickLook-Prefix.pch */ = {isa = PBXFileReference; fileEncoding = 4; lastKnownFileType = sourcecode.c.h; path = "ElektrikTrickQuickLook-Prefix.pch"; sourceTree = "<group>"; };
		C9D5EF7A196197FD00AEDF1C /* en */ = {isa = PBXFileReference; lastKnownFileType = text.plist.strings; name = en; path = en.lproj/InfoPlist.strings; sourceTree = "<group>"; };
		C9D5EF7E1961981900AEDF1C /* ETModel.cpp */ = {isa = PBXFileReference; fileEncoding = 4; lastKnownFileType = sourcecode.cpp.cpp; path = ETModel.cpp; sourceTree = "<group>"; };
		C9D5EF7F1961981900AEDF1C /* ETModel.h */ = {isa = PBXFileReference; fileEncoding = 4; lastKnownFileType = sourcecode.c.h; path = ETModel.h; sourceTree = "<group>"; };
		C9D5EF801961981900AEDF1C /* ETModelCG.cpp */ = {isa = PBXFileReference; fileEncoding = 4; lastKnownFileType = sourcecode.cpp.cpp; path = ETModelCG.cpp; sourceTree = "<group>"; };
		C9D5EF811961981900AEDF1C /* ETModelCG.h */ = {isa = PBXFileReference; fileEncoding = 4; lastKnownFileType = sourcecode.c.h; path = ETModelCG.h; sourceTree = "<group>"; };
		C9D5EF841961981900AEDF1C /* ETQuickLookHelper.cpp */ = {isa = PBXFileReference; fileEncoding = 4; lastKnownFileType = sourcecode.cpp.cpp; path = ETQuickLookHelper.cpp; sourceTree = "<group>"; };
		C9D5EF851961981900AEDF1C /* ETQuickLookHelper.h */ = {isa = PBXFileReference; fileEncoding = 4; lastKnownFileType = sourcecode.c.h; path = ETQuickLookHelper.h; sourceTree = "<group>"; };
		C9D5EF861961981900AEDF1C /* ETTriangle.cpp */ = {isa = PBXFileReference; fileEncoding = 4; lastKnownFileType = sourcecode.cpp.cpp; path = ETTriangle.cpp; sourceTree = "<group>"; };
		C9D5EF871961981900AEDF1C /* ETTriangle.h */ = {isa = PBXFileReference; fileEncoding = 4; lastKnownFileType = sourcecode.c.h; path = ETTriangle.h; sourceTree = "<group>"; };
		C9D5EF881961981900AEDF1C /* ETVector.cpp */ = {isa = PBXFileReference; fileEncoding = 4; lastKnownFileType = sourcecode.cpp.cpp; path = ETVector.cpp; sourceTree = "<group>"; };
		C9D5EF891961981900AEDF1C /* ETVector.h */ = {isa = PBXFileReference; fileEncoding = 4; lastKnownFileType = sourcecode.c.h; path = ETVector.h; sourceTree = "<group>"; };
		C9D5EF8A1961981900AEDF1C /* GeneratePreviewForURL.mm */ = {isa = PBXFileReference; fileEncoding = 4; lastKnownFileType = sourcecode.cpp.objcpp; path = GeneratePreviewForURL.mm; sourceTree = "<group>"; };
		C9D5EF8B1961981900AEDF1C /* GenerateThumbnailForURL.mm */ = {isa = PBXFileReference; fileEncoding = 4; lastKnownFileType = sourcecode.cpp.objcpp; path = GenerateThumbnailForURL.mm; sourceTree = "<group>"; };
/* End PBXFileReference section */

/* Begin PBXFrameworksBuildPhase section */
		C9D5EF5D1961973A00AEDF1C /* Frameworks */ = {
			isa = PBXFrameworksBuildPhase;
			buildActionMask = 2147483647;
			files = (
				C9D5EF661961973A00AEDF1C /* CoreFoundation.framework in Frameworks */,
				C9D5EF631961973A00AEDF1C /* QuickLook.framework in Frameworks */,
				C9D5EF651961973A00AEDF1C /* CoreServices.framework in Frameworks */,
				C9D5EF641961973A00AEDF1C /* ApplicationServices.framework in Frameworks */,
			);
			runOnlyForDeploymentPostprocessing = 0;
		};
/* End PBXFrameworksBuildPhase section */

/* Begin PBXGroup section */
		C9D5EF341961961800AEDF1C = {
			isa = PBXGroup;
			children = (
				C9D5EF671961973A00AEDF1C /* ElektrikTrickQuickLook */,
				C9D5EF411961961800AEDF1C /* Frameworks */,
				C9D5EF401961961800AEDF1C /* Products */,
			);
			sourceTree = "<group>";
		};
		C9D5EF401961961800AEDF1C /* Products */ = {
			isa = PBXGroup;
			children = (
				C9D5EF621961973A00AEDF1C /* ElektrikTrickQuickLook.qlgenerator */,
			);
			name = Products;
			sourceTree = "<group>";
		};
		C9D5EF411961961800AEDF1C /* Frameworks */ = {
			isa = PBXGroup;
			children = (
				C9D5EF421961961800AEDF1C /* QuickLook.framework */,
				C9D5EF441961961800AEDF1C /* ApplicationServices.framework */,
				C9D5EF461961961800AEDF1C /* CoreServices.framework */,
				C9D5EF481961961800AEDF1C /* CoreFoundation.framework */,
			);
			name = Frameworks;
			sourceTree = "<group>";
		};
		C9D5EF671961973A00AEDF1C /* ElektrikTrickQuickLook */ = {
			isa = PBXGroup;
			children = (
				C9D5EF7E1961981900AEDF1C /* ETModel.cpp */,
				C9D5EF7F1961981900AEDF1C /* ETModel.h */,
				C9D5EF801961981900AEDF1C /* ETModelCG.cpp */,
				C9D5EF811961981900AEDF1C /* ETModelCG.h */,
				C9D5EF841961981900AEDF1C /* ETQuickLookHelper.cpp */,
				C9D5EF851961981900AEDF1C /* ETQuickLookHelper.h */,
				C9D5EF861961981900AEDF1C /* ETTriangle.cpp */,
				C9D5EF871961981900AEDF1C /* ETTriangle.h */,
				C9D5EF881961981900AEDF1C /* ETVector.cpp */,
				C9D5EF891961981900AEDF1C /* ETVector.h */,
				C9D5EF8A1961981900AEDF1C /* GeneratePreviewForURL.mm */,
				C9D5EF8B1961981900AEDF1C /* GenerateThumbnailForURL.mm */,
				C9D5EF711961973A00AEDF1C /* main.c */,
				C9D5EF681961973A00AEDF1C /* Supporting Files */,
			);
			path = ElektrikTrickQuickLook;
			sourceTree = "<group>";
		};
		C9D5EF681961973A00AEDF1C /* Supporting Files */ = {
			isa = PBXGroup;
			children = (
				C9D5EF77196197FD00AEDF1C /* ElektrikTrickQuickLook-Info.plist */,
				C9D5EF78196197FD00AEDF1C /* ElektrikTrickQuickLook-Prefix.pch */,
				C9D5EF79196197FD00AEDF1C /* InfoPlist.strings */,
			);
			name = "Supporting Files";
			sourceTree = "<group>";
		};
/* End PBXGroup section */

/* Begin PBXHeadersBuildPhase section */
		C9D5EF5E1961973A00AEDF1C /* Headers */ = {
			isa = PBXHeadersBuildPhase;
			buildActionMask = 2147483647;
			files = (
				C9D5EF971961981900AEDF1C /* ETVector.h in Headers */,
				C9D5EF8F1961981900AEDF1C /* ETModelCG.h in Headers */,
				C9D5EF951961981900AEDF1C /* ETTriangle.h in Headers */,
				C9D5EF7C196197FD00AEDF1C /* ElektrikTrickQuickLook-Prefix.pch in Headers */,
				C9D5EF931961981900AEDF1C /* ETQuickLookHelper.h in Headers */,
				C9D5EF8D1961981900AEDF1C /* ETModel.h in Headers */,
			);
			runOnlyForDeploymentPostprocessing = 0;
		};
/* End PBXHeadersBuildPhase section */

/* Begin PBXNativeTarget section */
		C9D5EF611961973A00AEDF1C /* ElektrikTrickQuickLook */ = {
			isa = PBXNativeTarget;
			buildConfigurationList = C9D5EF761961973A00AEDF1C /* Build configuration list for PBXNativeTarget "ElektrikTrickQuickLook" */;
			buildPhases = (
				C9D5EF5C1961973A00AEDF1C /* Sources */,
				C9D5EF5D1961973A00AEDF1C /* Frameworks */,
				C9D5EF5E1961973A00AEDF1C /* Headers */,
				C9D5EF5F1961973A00AEDF1C /* Resources */,
				C9D5EF601961973A00AEDF1C /* Rez */,
				C9D5EF9A196198AC00AEDF1C /* CopyFiles */,
			);
			buildRules = (
			);
			dependencies = (
			);
			name = ElektrikTrickQuickLook;
			productName = ElektrikTrickQuickLook;
			productReference = C9D5EF621961973A00AEDF1C /* ElektrikTrickQuickLook.qlgenerator */;
			productType = "com.apple.product-type.bundle";
		};
/* End PBXNativeTarget section */

/* Begin PBXProject section */
		C9D5EF351961961800AEDF1C /* Project object */ = {
			isa = PBXProject;
			attributes = {
				LastUpgradeCheck = 0510;
				ORGANIZATIONNAME = "M.Melcher GmbH";
			};
			buildConfigurationList = C9D5EF381961961800AEDF1C /* Build configuration list for PBXProject "Elektriktrick" */;
			compatibilityVersion = "Xcode 3.2";
			developmentRegion = English;
			hasScannedForEncodings = 0;
			knownRegions = (
				en,
			);
			mainGroup = C9D5EF341961961800AEDF1C;
			productRefGroup = C9D5EF401961961800AEDF1C /* Products */;
			projectDirPath = "";
			projectRoot = "";
			targets = (
				C9D5EF611961973A00AEDF1C /* ElektrikTrickQuickLook */,
			);
		};
/* End PBXProject section */

/* Begin PBXResourcesBuildPhase section */
		C9D5EF5F1961973A00AEDF1C /* Resources */ = {
			isa = PBXResourcesBuildPhase;
			buildActionMask = 2147483647;
			files = (
				C9D5EF7B196197FD00AEDF1C /* ElektrikTrickQuickLook-Info.plist in Resources */,
				C9D5EF7D196197FD00AEDF1C /* InfoPlist.strings in Resources */,
			);
			runOnlyForDeploymentPostprocessing = 0;
		};
/* End PBXResourcesBuildPhase section */

/* Begin PBXRezBuildPhase section */
		C9D5EF601961973A00AEDF1C /* Rez */ = {
			isa = PBXRezBuildPhase;
			buildActionMask = 2147483647;
			files = (
			);
			runOnlyForDeploymentPostprocessing = 0;
		};
/* End PBXRezBuildPhase section */

/* Begin PBXSourcesBuildPhase section */
		C9D5EF5C1961973A00AEDF1C /* Sources */ = {
			isa = PBXSourcesBuildPhase;
			buildActionMask = 2147483647;
			files = (
				C9D5EF941961981900AEDF1C /* ETTriangle.cpp in Sources */,
				C9D5EF921961981900AEDF1C /* ETQuickLookHelper.cpp in Sources */,
				C9D5EF8C1961981900AEDF1C /* ETModel.cpp in Sources */,
				C9D5EF721961973A00AEDF1C /* main.c in Sources */,
				C9D5EF991961981900AEDF1C /* GenerateThumbnailForURL.mm in Sources */,
				C9D5EF8E1961981900AEDF1C /* ETModelCG.cpp in Sources */,
				C9D5EF961961981900AEDF1C /* ETVector.cpp in Sources */,
				C9D5EF981961981900AEDF1C /* GeneratePreviewForURL.mm in Sources */,
			);
			runOnlyForDeploymentPostprocessing = 0;
		};
/* End PBXSourcesBuildPhase section */

/* Begin PBXVariantGroup section */
		C9D5EF79196197FD00AEDF1C /* InfoPlist.strings */ = {
			isa = PBXVariantGroup;
			children = (
				C9D5EF7A196197FD00AEDF1C /* en */,
			);
			name = InfoPlist.strings;
			sourceTree = "<group>";
		};
/* End PBXVariantGroup section */

/* Begin XCBuildConfiguration section */
		C9D5EF571961961800AEDF1C /* Debug */ = {
			isa = XCBuildConfiguration;
			buildSettings = {
				ALWAYS_SEARCH_USER_PATHS = NO;
				CLANG_CXX_LANGUAGE_STANDARD = "gnu++0x";
				CLANG_CXX_LIBRARY = "libc++";
				CLANG_ENABLE_MODULES = YES;
				CLANG_ENABLE_OBJC_ARC = YES;
				CLANG_WARN_BOOL_CONVERSION = YES;
				CLANG_WARN_CONSTANT_CONVERSION = YES;
				CLANG_WARN_DIRECT_OBJC_ISA_USAGE = YES_ERROR;
				CLANG_WARN_EMPTY_BODY = YES;
				CLANG_WARN_ENUM_CONVERSION = YES;
				CLANG_WARN_INT_CONVERSION = YES;
				CLANG_WARN_OBJC_ROOT_CLASS = YES_ERROR;
				CLANG_WARN__DUPLICATE_METHOD_MATCH = YES;
				COPY_PHASE_STRIP = NO;
				GCC_C_LANGUAGE_STANDARD = gnu99;
				GCC_DYNAMIC_NO_PIC = NO;
				GCC_ENABLE_OBJC_EXCEPTIONS = YES;
				GCC_OPTIMIZATION_LEVEL = 0;
				GCC_PREPROCESSOR_DEFINITIONS = (
					"DEBUG=1",
					"$(inherited)",
				);
				GCC_SYMBOLS_PRIVATE_EXTERN = NO;
				GCC_WARN_64_TO_32_BIT_CONVERSION = YES;
				GCC_WARN_ABOUT_RETURN_TYPE = YES_ERROR;
				GCC_WARN_UNDECLARED_SELECTOR = YES;
				GCC_WARN_UNINITIALIZED_AUTOS = YES_AGGRESSIVE;
				GCC_WARN_UNUSED_FUNCTION = YES;
				GCC_WARN_UNUSED_VARIABLE = YES;
				MACOSX_DEPLOYMENT_TARGET = 10.9;
				ONLY_ACTIVE_ARCH = YES;
				SDKROOT = macosx;
			};
			name = Debug;
		};
		C9D5EF581961961800AEDF1C /* Release */ = {
			isa = XCBuildConfiguration;
			buildSettings = {
				ALWAYS_SEARCH_USER_PATHS = NO;
				CLANG_CXX_LANGUAGE_STANDARD = "gnu++0x";
				CLANG_CXX_LIBRARY = "libc++";
				CLANG_ENABLE_MODULES = YES;
				CLANG_ENABLE_OBJC_ARC = YES;
				CLANG_WARN_BOOL_CONVERSION = YES;
				CLANG_WARN_CONSTANT_CONVERSION = YES;
				CLANG_WARN_DIRECT_OBJC_ISA_USAGE = YES_ERROR;
				CLANG_WARN_EMPTY_BODY = YES;
				CLANG_WARN_ENUM_CONVERSION = YES;
				CLANG_WARN_INT_CONVERSION = YES;
				CLANG_WARN_OBJC_ROOT_CLASS = YES_ERROR;
				CLANG_WARN__DUPLICATE_METHOD_MATCH = YES;
				COPY_PHASE_STRIP = YES;
				DEBUG_INFORMATION_FORMAT = "dwarf-with-dsym";
				ENABLE_NS_ASSERTIONS = NO;
				GCC_C_LANGUAGE_STANDARD = gnu99;
				GCC_ENABLE_OBJC_EXCEPTIONS = YES;
				GCC_WARN_64_TO_32_BIT_CONVERSION = YES;
				GCC_WARN_ABOUT_RETURN_TYPE = YES_ERROR;
				GCC_WARN_UNDECLARED_SELECTOR = YES;
				GCC_WARN_UNINITIALIZED_AUTOS = YES_AGGRESSIVE;
				GCC_WARN_UNUSED_FUNCTION = YES;
				GCC_WARN_UNUSED_VARIABLE = YES;
				MACOSX_DEPLOYMENT_TARGET = 10.9;
				SDKROOT = macosx;
			};
			name = Release;
		};
		C9D5EF741961973A00AEDF1C /* Debug */ = {
			isa = XCBuildConfiguration;
			buildSettings = {
				COMBINE_HIDPI_IMAGES = YES;
				GCC_PRECOMPILE_PREFIX_HEADER = YES;
				GCC_PREFIX_HEADER = "ElektrikTrickQuickLook/ElektrikTrickQuickLook-Prefix.pch";
				GCC_PREPROCESSOR_DEFINITIONS = (
					"DEBUG=1",
					"$(inherited)",
				);
				INFOPLIST_FILE = "ElektrikTrickQuickLook/ElektrikTrickQuickLook-Info.plist";
				INSTALL_PATH = /Library/QuickLook;
				PRODUCT_NAME = "$(TARGET_NAME)";
				WRAPPER_EXTENSION = qlgenerator;
			};
			name = Debug;
		};
		C9D5EF751961973A00AEDF1C /* Release */ = {
			isa = XCBuildConfiguration;
			buildSettings = {
				COMBINE_HIDPI_IMAGES = YES;
				GCC_PRECOMPILE_PREFIX_HEADER = YES;
				GCC_PREFIX_HEADER = "ElektrikTrickQuickLook/ElektrikTrickQuickLook-Prefix.pch";
				INFOPLIST_FILE = "ElektrikTrickQuickLook/ElektrikTrickQuickLook-Info.plist";
				INSTALL_PATH = /Library/QuickLook;
				PRODUCT_NAME = "$(TARGET_NAME)";
				WRAPPER_EXTENSION = qlgenerator;
			};
			name = Release;
		};
/* End XCBuildConfiguration section */

/* Begin XCConfigurationList section */
		C9D5EF381961961800AEDF1C /* Build configuration list for PBXProject "Elektriktrick" */ = {
			isa = XCConfigurationList;
			buildConfigurations = (
				C9D5EF571961961800AEDF1C /* Debug */,
				C9D5EF581961961800AEDF1C /* Release */,
			);
			defaultConfigurationIsVisible = 0;
			defaultConfigurationName = Release;
		};
		C9D5EF761961973A00AEDF1C /* Build configuration list for PBXNativeTarget "ElektrikTrickQuickLook" */ = {
			isa = XCConfigurationList;
			buildConfigurations = (
				C9D5EF741961973A00AEDF1C /* Debug */,
				C9D5EF751961973A00AEDF1C /* Release */,
			);
			defaultConfigurationIsVisible = 0;
			defaultConfigurationName = Release;
		};
/* End XCConfigurationList section */
	};
	rootObject = C9D5EF351961961800AEDF1C /* Project object */;
}
