// !$*UTF8*$!
{
	archiveVersion = 1;
	classes = {
	};
	objectVersion = 46;
	objects = {

/* Begin PBXBuildFile section */
		C97E928D1993FB180078000B /* ETModelGCode.cpp in Sources */ = {isa = PBXBuildFile; fileRef = C97E928B1993FB180078000B /* ETModelGCode.cpp */; };
		C97E928E1993FB180078000B /* ETModelGCode.h in Headers */ = {isa = PBXBuildFile; fileRef = C97E928C1993FB180078000B /* ETModelGCode.h */; };
		C97E929119940F340078000B /* ETEdge.cpp in Sources */ = {isa = PBXBuildFile; fileRef = C97E928F19940F340078000B /* ETEdge.cpp */; };
		C97E929219940F340078000B /* ETEdge.h in Headers */ = {isa = PBXBuildFile; fileRef = C97E929019940F340078000B /* ETEdge.h */; };
		C97E92951994E72C0078000B /* ETWireframeModel.cpp in Sources */ = {isa = PBXBuildFile; fileRef = C97E92931994E72C0078000B /* ETWireframeModel.cpp */; };
		C97E92961994E72C0078000B /* ETWireframeModel.h in Headers */ = {isa = PBXBuildFile; fileRef = C97E92941994E72C0078000B /* ETWireframeModel.h */; };
		C97E92991994EA5B0078000B /* ETModelDXF.cpp in Sources */ = {isa = PBXBuildFile; fileRef = C97E92971994EA5B0078000B /* ETModelDXF.cpp */; };
		C97E929A1994EA5B0078000B /* ETModelDXF.h in Headers */ = {isa = PBXBuildFile; fileRef = C97E92981994EA5B0078000B /* ETModelDXF.h */; };
		C97E929D1994ECE30078000B /* ETModelBinarySTL.cpp in Sources */ = {isa = PBXBuildFile; fileRef = C97E929B1994ECE30078000B /* ETModelBinarySTL.cpp */; };
		C97E929E1994ECE30078000B /* ETModelBinarySTL.h in Headers */ = {isa = PBXBuildFile; fileRef = C97E929C1994ECE30078000B /* ETModelBinarySTL.h */; };
		C97E92A11994EFE70078000B /* ETModelTextSTL.cpp in Sources */ = {isa = PBXBuildFile; fileRef = C97E929F1994EFE70078000B /* ETModelTextSTL.cpp */; };
		C97E92A21994EFE70078000B /* ETModelTextSTL.h in Headers */ = {isa = PBXBuildFile; fileRef = C97E92A01994EFE70078000B /* ETModelTextSTL.h */; };
		C9D5EF631961973A00AEDF1C /* QuickLook.framework in Frameworks */ = {isa = PBXBuildFile; fileRef = C9D5EF421961961800AEDF1C /* QuickLook.framework */; };
		C9D5EF641961973A00AEDF1C /* ApplicationServices.framework in Frameworks */ = {isa = PBXBuildFile; fileRef = C9D5EF441961961800AEDF1C /* ApplicationServices.framework */; };
		C9D5EF651961973A00AEDF1C /* CoreServices.framework in Frameworks */ = {isa = PBXBuildFile; fileRef = C9D5EF461961961800AEDF1C /* CoreServices.framework */; };
		C9D5EF661961973A00AEDF1C /* CoreFoundation.framework in Frameworks */ = {isa = PBXBuildFile; fileRef = C9D5EF481961961800AEDF1C /* CoreFoundation.framework */; };
		C9D5EF721961973A00AEDF1C /* main.c in Sources */ = {isa = PBXBuildFile; fileRef = C9D5EF711961973A00AEDF1C /* main.c */; };
		C9D5EF7C196197FD00AEDF1C /* ElektrikTrickQuickLook-Prefix.pch in Headers */ = {isa = PBXBuildFile; fileRef = C9D5EF78196197FD00AEDF1C /* ElektrikTrickQuickLook-Prefix.pch */; };
		C9D5EF7D196197FD00AEDF1C /* InfoPlist.strings in Resources */ = {isa = PBXBuildFile; fileRef = C9D5EF79196197FD00AEDF1C /* InfoPlist.strings */; };
		C9D5EF8C1961981900AEDF1C /* ETModel.cpp in Sources */ = {isa = PBXBuildFile; fileRef = C9D5EF7E1961981900AEDF1C /* ETModel.cpp */; };
		C9D5EF8D1961981900AEDF1C /* ETModel.h in Headers */ = {isa = PBXBuildFile; fileRef = C9D5EF7F1961981900AEDF1C /* ETModel.h */; };
		C9D5EF8E1961981900AEDF1C /* ETModelSTL.cpp in Sources */ = {isa = PBXBuildFile; fileRef = C9D5EF801961981900AEDF1C /* ETModelSTL.cpp */; };
		C9D5EF8F1961981900AEDF1C /* ETModelSTL.h in Headers */ = {isa = PBXBuildFile; fileRef = C9D5EF811961981900AEDF1C /* ETModelSTL.h */; };
		C9D5EF921961981900AEDF1C /* ETQuickLookHelper.mm in Sources */ = {isa = PBXBuildFile; fileRef = C9D5EF841961981900AEDF1C /* ETQuickLookHelper.mm */; };
		C9D5EF931961981900AEDF1C /* ETQuickLookHelper.h in Headers */ = {isa = PBXBuildFile; fileRef = C9D5EF851961981900AEDF1C /* ETQuickLookHelper.h */; };
		C9D5EF941961981900AEDF1C /* ETTriangle.cpp in Sources */ = {isa = PBXBuildFile; fileRef = C9D5EF861961981900AEDF1C /* ETTriangle.cpp */; };
		C9D5EF951961981900AEDF1C /* ETTriangle.h in Headers */ = {isa = PBXBuildFile; fileRef = C9D5EF871961981900AEDF1C /* ETTriangle.h */; };
		C9D5EF961961981900AEDF1C /* ETVector.cpp in Sources */ = {isa = PBXBuildFile; fileRef = C9D5EF881961981900AEDF1C /* ETVector.cpp */; };
		C9D5EF971961981900AEDF1C /* ETVector.h in Headers */ = {isa = PBXBuildFile; fileRef = C9D5EF891961981900AEDF1C /* ETVector.h */; };
		C9D5EF981961981900AEDF1C /* GeneratePreviewForURL.mm in Sources */ = {isa = PBXBuildFile; fileRef = C9D5EF8A1961981900AEDF1C /* GeneratePreviewForURL.mm */; };
		C9D5EF991961981900AEDF1C /* GenerateThumbnailForURL.mm in Sources */ = {isa = PBXBuildFile; fileRef = C9D5EF8B1961981900AEDF1C /* GenerateThumbnailForURL.mm */; };
		C9D5EF9B196198E200AEDF1C /* ElektrikTrickQuickLook.qlgenerator in CopyFiles */ = {isa = PBXBuildFile; fileRef = C9D5EF621961973A00AEDF1C /* ElektrikTrickQuickLook.qlgenerator */; };
		C9F5306D1BB33D4C00D198AF /* AppDelegate.m in Sources */ = {isa = PBXBuildFile; fileRef = C9F5306C1BB33D4C00D198AF /* AppDelegate.m */; };
		C9F530701BB33D4C00D198AF /* main.m in Sources */ = {isa = PBXBuildFile; fileRef = C9F5306F1BB33D4C00D198AF /* main.m */; };
		C9F530731BB33D4C00D198AF /* Document.m in Sources */ = {isa = PBXBuildFile; fileRef = C9F530721BB33D4C00D198AF /* Document.m */; };
		C9F530761BB33D4C00D198AF /* Document.xib in Resources */ = {isa = PBXBuildFile; fileRef = C9F530741BB33D4C00D198AF /* Document.xib */; };
		C9F530781BB33D4D00D198AF /* Assets.xcassets in Resources */ = {isa = PBXBuildFile; fileRef = C9F530771BB33D4D00D198AF /* Assets.xcassets */; };
		C9F5307B1BB33D4D00D198AF /* MainMenu.xib in Resources */ = {isa = PBXBuildFile; fileRef = C9F530791BB33D4D00D198AF /* MainMenu.xib */; };
		C9F530851BB340DD00D198AF /* ElektrikTrickQuickLook.qlgenerator in CopyFiles */ = {isa = PBXBuildFile; fileRef = C9D5EF621961973A00AEDF1C /* ElektrikTrickQuickLook.qlgenerator */; };
/* End PBXBuildFile section */

/* Begin PBXContainerItemProxy section */
		C9F530801BB33D6500D198AF /* PBXContainerItemProxy */ = {
			isa = PBXContainerItemProxy;
			containerPortal = C9D5EF351961961800AEDF1C /* Project object */;
			proxyType = 1;
			remoteGlobalIDString = C9D5EF611961973A00AEDF1C;
			remoteInfo = ElektrikTrickQuickLook;
		};
/* End PBXContainerItemProxy section */

/* Begin PBXCopyFilesBuildPhase section */
		C9D5EF9A196198AC00AEDF1C /* CopyFiles */ = {
			isa = PBXCopyFilesBuildPhase;
			buildActionMask = 2147483647;
			dstPath = /Users/matt/Library/QuickLook;
			dstSubfolderSpec = 0;
			files = (
				C9D5EF9B196198E200AEDF1C /* ElektrikTrickQuickLook.qlgenerator in CopyFiles */,
			);
			runOnlyForDeploymentPostprocessing = 0;
		};
		C9F530841BB340AB00D198AF /* CopyFiles */ = {
			isa = PBXCopyFilesBuildPhase;
			buildActionMask = 2147483647;
			dstPath = ../Library/QuickLook;
			dstSubfolderSpec = 7;
			files = (
				C9F530851BB340DD00D198AF /* ElektrikTrickQuickLook.qlgenerator in CopyFiles */,
			);
			runOnlyForDeploymentPostprocessing = 0;
		};
/* End PBXCopyFilesBuildPhase section */

/* Begin PBXFileReference section */
		C97E928B1993FB180078000B /* ETModelGCode.cpp */ = {isa = PBXFileReference; fileEncoding = 4; lastKnownFileType = sourcecode.cpp.cpp; path = ETModelGCode.cpp; sourceTree = "<group>"; };
		C97E928C1993FB180078000B /* ETModelGCode.h */ = {isa = PBXFileReference; fileEncoding = 4; lastKnownFileType = sourcecode.c.h; path = ETModelGCode.h; sourceTree = "<group>"; };
		C97E928F19940F340078000B /* ETEdge.cpp */ = {isa = PBXFileReference; fileEncoding = 4; lastKnownFileType = sourcecode.cpp.cpp; path = ETEdge.cpp; sourceTree = "<group>"; };
		C97E929019940F340078000B /* ETEdge.h */ = {isa = PBXFileReference; fileEncoding = 4; lastKnownFileType = sourcecode.c.h; path = ETEdge.h; sourceTree = "<group>"; };
		C97E92931994E72C0078000B /* ETWireframeModel.cpp */ = {isa = PBXFileReference; fileEncoding = 4; lastKnownFileType = sourcecode.cpp.cpp; path = ETWireframeModel.cpp; sourceTree = "<group>"; };
		C97E92941994E72C0078000B /* ETWireframeModel.h */ = {isa = PBXFileReference; fileEncoding = 4; lastKnownFileType = sourcecode.c.h; path = ETWireframeModel.h; sourceTree = "<group>"; };
		C97E92971994EA5B0078000B /* ETModelDXF.cpp */ = {isa = PBXFileReference; fileEncoding = 4; lastKnownFileType = sourcecode.cpp.cpp; path = ETModelDXF.cpp; sourceTree = "<group>"; };
		C97E92981994EA5B0078000B /* ETModelDXF.h */ = {isa = PBXFileReference; fileEncoding = 4; lastKnownFileType = sourcecode.c.h; path = ETModelDXF.h; sourceTree = "<group>"; };
		C97E929B1994ECE30078000B /* ETModelBinarySTL.cpp */ = {isa = PBXFileReference; fileEncoding = 4; lastKnownFileType = sourcecode.cpp.cpp; path = ETModelBinarySTL.cpp; sourceTree = "<group>"; };
		C97E929C1994ECE30078000B /* ETModelBinarySTL.h */ = {isa = PBXFileReference; fileEncoding = 4; lastKnownFileType = sourcecode.c.h; path = ETModelBinarySTL.h; sourceTree = "<group>"; };
		C97E929F1994EFE70078000B /* ETModelTextSTL.cpp */ = {isa = PBXFileReference; fileEncoding = 4; lastKnownFileType = sourcecode.cpp.cpp; path = ETModelTextSTL.cpp; sourceTree = "<group>"; };
		C97E92A01994EFE70078000B /* ETModelTextSTL.h */ = {isa = PBXFileReference; fileEncoding = 4; lastKnownFileType = sourcecode.c.h; path = ETModelTextSTL.h; sourceTree = "<group>"; };
		C9D5EF421961961800AEDF1C /* QuickLook.framework */ = {isa = PBXFileReference; lastKnownFileType = wrapper.framework; name = QuickLook.framework; path = System/Library/Frameworks/QuickLook.framework; sourceTree = SDKROOT; };
		C9D5EF441961961800AEDF1C /* ApplicationServices.framework */ = {isa = PBXFileReference; lastKnownFileType = wrapper.framework; name = ApplicationServices.framework; path = System/Library/Frameworks/ApplicationServices.framework; sourceTree = SDKROOT; };
		C9D5EF461961961800AEDF1C /* CoreServices.framework */ = {isa = PBXFileReference; lastKnownFileType = wrapper.framework; name = CoreServices.framework; path = System/Library/Frameworks/CoreServices.framework; sourceTree = SDKROOT; };
		C9D5EF481961961800AEDF1C /* CoreFoundation.framework */ = {isa = PBXFileReference; lastKnownFileType = wrapper.framework; name = CoreFoundation.framework; path = System/Library/Frameworks/CoreFoundation.framework; sourceTree = SDKROOT; };
		C9D5EF621961973A00AEDF1C /* ElektrikTrickQuickLook.qlgenerator */ = {isa = PBXFileReference; explicitFileType = wrapper.cfbundle; includeInIndex = 0; path = ElektrikTrickQuickLook.qlgenerator; sourceTree = BUILT_PRODUCTS_DIR; };
		C9D5EF711961973A00AEDF1C /* main.c */ = {isa = PBXFileReference; lastKnownFileType = sourcecode.c.c; path = main.c; sourceTree = "<group>"; };
		C9D5EF77196197FD00AEDF1C /* ElektrikTrickQuickLook-Info.plist */ = {isa = PBXFileReference; fileEncoding = 4; lastKnownFileType = text.plist.xml; path = "ElektrikTrickQuickLook-Info.plist"; sourceTree = "<group>"; };
		C9D5EF78196197FD00AEDF1C /* ElektrikTrickQuickLook-Prefix.pch */ = {isa = PBXFileReference; fileEncoding = 4; lastKnownFileType = sourcecode.c.h; path = "ElektrikTrickQuickLook-Prefix.pch"; sourceTree = "<group>"; };
		C9D5EF7A196197FD00AEDF1C /* en */ = {isa = PBXFileReference; lastKnownFileType = text.plist.strings; name = en; path = en.lproj/InfoPlist.strings; sourceTree = "<group>"; };
		C9D5EF7E1961981900AEDF1C /* ETModel.cpp */ = {isa = PBXFileReference; fileEncoding = 4; lastKnownFileType = sourcecode.cpp.cpp; path = ETModel.cpp; sourceTree = "<group>"; };
		C9D5EF7F1961981900AEDF1C /* ETModel.h */ = {isa = PBXFileReference; fileEncoding = 4; lastKnownFileType = sourcecode.c.h; path = ETModel.h; sourceTree = "<group>"; };
		C9D5EF801961981900AEDF1C /* ETModelSTL.cpp */ = {isa = PBXFileReference; fileEncoding = 4; lastKnownFileType = sourcecode.cpp.cpp; path = ETModelSTL.cpp; sourceTree = "<group>"; };
		C9D5EF811961981900AEDF1C /* ETModelSTL.h */ = {isa = PBXFileReference; fileEncoding = 4; lastKnownFileType = sourcecode.c.h; path = ETModelSTL.h; sourceTree = "<group>"; };
		C9D5EF841961981900AEDF1C /* ETQuickLookHelper.mm */ = {isa = PBXFileReference; fileEncoding = 4; lastKnownFileType = sourcecode.cpp.objcpp; path = ETQuickLookHelper.mm; sourceTree = "<group>"; };
		C9D5EF851961981900AEDF1C /* ETQuickLookHelper.h */ = {isa = PBXFileReference; fileEncoding = 4; lastKnownFileType = sourcecode.c.h; path = ETQuickLookHelper.h; sourceTree = "<group>"; };
		C9D5EF861961981900AEDF1C /* ETTriangle.cpp */ = {isa = PBXFileReference; fileEncoding = 4; lastKnownFileType = sourcecode.cpp.cpp; path = ETTriangle.cpp; sourceTree = "<group>"; };
		C9D5EF871961981900AEDF1C /* ETTriangle.h */ = {isa = PBXFileReference; fileEncoding = 4; lastKnownFileType = sourcecode.c.h; path = ETTriangle.h; sourceTree = "<group>"; };
		C9D5EF881961981900AEDF1C /* ETVector.cpp */ = {isa = PBXFileReference; fileEncoding = 4; lastKnownFileType = sourcecode.cpp.cpp; path = ETVector.cpp; sourceTree = "<group>"; };
		C9D5EF891961981900AEDF1C /* ETVector.h */ = {isa = PBXFileReference; fileEncoding = 4; lastKnownFileType = sourcecode.c.h; path = ETVector.h; sourceTree = "<group>"; };
		C9D5EF8A1961981900AEDF1C /* GeneratePreviewForURL.mm */ = {isa = PBXFileReference; fileEncoding = 4; lastKnownFileType = sourcecode.cpp.objcpp; path = GeneratePreviewForURL.mm; sourceTree = "<group>"; };
		C9D5EF8B1961981900AEDF1C /* GenerateThumbnailForURL.mm */ = {isa = PBXFileReference; fileEncoding = 4; lastKnownFileType = sourcecode.cpp.objcpp; path = GenerateThumbnailForURL.mm; sourceTree = "<group>"; };
		C9F530691BB33D4C00D198AF /* Elektriktrick.app */ = {isa = PBXFileReference; explicitFileType = wrapper.application; includeInIndex = 0; path = Elektriktrick.app; sourceTree = BUILT_PRODUCTS_DIR; };
		C9F5306B1BB33D4C00D198AF /* AppDelegate.h */ = {isa = PBXFileReference; lastKnownFileType = sourcecode.c.h; path = AppDelegate.h; sourceTree = "<group>"; };
		C9F5306C1BB33D4C00D198AF /* AppDelegate.m */ = {isa = PBXFileReference; lastKnownFileType = sourcecode.c.objc; path = AppDelegate.m; sourceTree = "<group>"; };
		C9F5306F1BB33D4C00D198AF /* main.m */ = {isa = PBXFileReference; lastKnownFileType = sourcecode.c.objc; path = main.m; sourceTree = "<group>"; };
		C9F530711BB33D4C00D198AF /* Document.h */ = {isa = PBXFileReference; lastKnownFileType = sourcecode.c.h; path = Document.h; sourceTree = "<group>"; };
		C9F530721BB33D4C00D198AF /* Document.m */ = {isa = PBXFileReference; lastKnownFileType = sourcecode.c.objc; path = Document.m; sourceTree = "<group>"; };
		C9F530751BB33D4C00D198AF /* Base */ = {isa = PBXFileReference; lastKnownFileType = file.xib; name = Base; path = Base.lproj/Document.xib; sourceTree = "<group>"; };
		C9F530771BB33D4D00D198AF /* Assets.xcassets */ = {isa = PBXFileReference; lastKnownFileType = folder.assetcatalog; path = Assets.xcassets; sourceTree = "<group>"; };
		C9F5307A1BB33D4D00D198AF /* Base */ = {isa = PBXFileReference; lastKnownFileType = file.xib; name = Base; path = Base.lproj/MainMenu.xib; sourceTree = "<group>"; };
		C9F5307C1BB33D4D00D198AF /* Info.plist */ = {isa = PBXFileReference; lastKnownFileType = text.plist.xml; path = Info.plist; sourceTree = "<group>"; };
/* End PBXFileReference section */

/* Begin PBXFrameworksBuildPhase section */
		C9D5EF5D1961973A00AEDF1C /* Frameworks */ = {
			isa = PBXFrameworksBuildPhase;
			buildActionMask = 2147483647;
			files = (
				C9D5EF661961973A00AEDF1C /* CoreFoundation.framework in Frameworks */,
				C9D5EF631961973A00AEDF1C /* QuickLook.framework in Frameworks */,
				C9D5EF651961973A00AEDF1C /* CoreServices.framework in Frameworks */,
				C9D5EF641961973A00AEDF1C /* ApplicationServices.framework in Frameworks */,
			);
			runOnlyForDeploymentPostprocessing = 0;
		};
		C9F530661BB33D4C00D198AF /* Frameworks */ = {
			isa = PBXFrameworksBuildPhase;
			buildActionMask = 2147483647;
			files = (
			);
			runOnlyForDeploymentPostprocessing = 0;
		};
/* End PBXFrameworksBuildPhase section */

/* Begin PBXGroup section */
		C9D5EF341961961800AEDF1C = {
			isa = PBXGroup;
			children = (
				C9F5306A1BB33D4C00D198AF /* Elektriktrick */,
				C9D5EF671961973A00AEDF1C /* ElektrikTrickQuickLook */,
				C9D5EF411961961800AEDF1C /* Frameworks */,
				C9D5EF401961961800AEDF1C /* Products */,
			);
			sourceTree = "<group>";
		};
		C9D5EF401961961800AEDF1C /* Products */ = {
			isa = PBXGroup;
			children = (
				C9D5EF621961973A00AEDF1C /* ElektrikTrickQuickLook.qlgenerator */,
				C9F530691BB33D4C00D198AF /* Elektriktrick.app */,
			);
			name = Products;
			sourceTree = "<group>";
		};
		C9D5EF411961961800AEDF1C /* Frameworks */ = {
			isa = PBXGroup;
			children = (
				C9D5EF421961961800AEDF1C /* QuickLook.framework */,
				C9D5EF441961961800AEDF1C /* ApplicationServices.framework */,
				C9D5EF461961961800AEDF1C /* CoreServices.framework */,
				C9D5EF481961961800AEDF1C /* CoreFoundation.framework */,
			);
			name = Frameworks;
			sourceTree = "<group>";
		};
		C9D5EF671961973A00AEDF1C /* ElektrikTrickQuickLook */ = {
			isa = PBXGroup;
			children = (
				C9D5EF7E1961981900AEDF1C /* ETModel.cpp */,
				C9D5EF7F1961981900AEDF1C /* ETModel.h */,
				C9D5EF801961981900AEDF1C /* ETModelSTL.cpp */,
				C9D5EF811961981900AEDF1C /* ETModelSTL.h */,
				C97E929F1994EFE70078000B /* ETModelTextSTL.cpp */,
				C97E92A01994EFE70078000B /* ETModelTextSTL.h */,
				C97E929B1994ECE30078000B /* ETModelBinarySTL.cpp */,
				C97E929C1994ECE30078000B /* ETModelBinarySTL.h */,
				C97E92931994E72C0078000B /* ETWireframeModel.cpp */,
				C97E92941994E72C0078000B /* ETWireframeModel.h */,
				C97E928B1993FB180078000B /* ETModelGCode.cpp */,
				C97E928C1993FB180078000B /* ETModelGCode.h */,
				C97E92971994EA5B0078000B /* ETModelDXF.cpp */,
				C97E92981994EA5B0078000B /* ETModelDXF.h */,
				C9D5EF861961981900AEDF1C /* ETTriangle.cpp */,
				C9D5EF871961981900AEDF1C /* ETTriangle.h */,
				C97E928F19940F340078000B /* ETEdge.cpp */,
				C97E929019940F340078000B /* ETEdge.h */,
				C9D5EF881961981900AEDF1C /* ETVector.cpp */,
				C9D5EF891961981900AEDF1C /* ETVector.h */,
				C9D5EF841961981900AEDF1C /* ETQuickLookHelper.mm */,
				C9D5EF851961981900AEDF1C /* ETQuickLookHelper.h */,
				C9D5EF8A1961981900AEDF1C /* GeneratePreviewForURL.mm */,
				C9D5EF8B1961981900AEDF1C /* GenerateThumbnailForURL.mm */,
				C9D5EF711961973A00AEDF1C /* main.c */,
				C9D5EF681961973A00AEDF1C /* Supporting Files */,
			);
			path = ElektrikTrickQuickLook;
			sourceTree = "<group>";
		};
		C9D5EF681961973A00AEDF1C /* Supporting Files */ = {
			isa = PBXGroup;
			children = (
				C9D5EF77196197FD00AEDF1C /* ElektrikTrickQuickLook-Info.plist */,
				C9D5EF78196197FD00AEDF1C /* ElektrikTrickQuickLook-Prefix.pch */,
				C9D5EF79196197FD00AEDF1C /* InfoPlist.strings */,
			);
			name = "Supporting Files";
			sourceTree = "<group>";
		};
		C9F5306A1BB33D4C00D198AF /* Elektriktrick */ = {
			isa = PBXGroup;
			children = (
				C9F5306B1BB33D4C00D198AF /* AppDelegate.h */,
				C9F5306C1BB33D4C00D198AF /* AppDelegate.m */,
				C9F530711BB33D4C00D198AF /* Document.h */,
				C9F530721BB33D4C00D198AF /* Document.m */,
				C9F530741BB33D4C00D198AF /* Document.xib */,
				C9F530771BB33D4D00D198AF /* Assets.xcassets */,
				C9F530791BB33D4D00D198AF /* MainMenu.xib */,
				C9F5307C1BB33D4D00D198AF /* Info.plist */,
				C9F5306E1BB33D4C00D198AF /* Supporting Files */,
			);
			path = Elektriktrick;
			sourceTree = "<group>";
		};
		C9F5306E1BB33D4C00D198AF /* Supporting Files */ = {
			isa = PBXGroup;
			children = (
				C9F5306F1BB33D4C00D198AF /* main.m */,
			);
			name = "Supporting Files";
			sourceTree = "<group>";
		};
/* End PBXGroup section */

/* Begin PBXHeadersBuildPhase section */
		C9D5EF5E1961973A00AEDF1C /* Headers */ = {
			isa = PBXHeadersBuildPhase;
			buildActionMask = 2147483647;
			files = (
				C9D5EF971961981900AEDF1C /* ETVector.h in Headers */,
				C97E92961994E72C0078000B /* ETWireframeModel.h in Headers */,
				C9D5EF8F1961981900AEDF1C /* ETModelSTL.h in Headers */,
				C97E929E1994ECE30078000B /* ETModelBinarySTL.h in Headers */,
				C97E92A21994EFE70078000B /* ETModelTextSTL.h in Headers */,
				C9D5EF951961981900AEDF1C /* ETTriangle.h in Headers */,
				C9D5EF7C196197FD00AEDF1C /* ElektrikTrickQuickLook-Prefix.pch in Headers */,
				C97E929219940F340078000B /* ETEdge.h in Headers */,
				C9D5EF931961981900AEDF1C /* ETQuickLookHelper.h in Headers */,
				C9D5EF8D1961981900AEDF1C /* ETModel.h in Headers */,
				C97E929A1994EA5B0078000B /* ETModelDXF.h in Headers */,
				C97E928E1993FB180078000B /* ETModelGCode.h in Headers */,
			);
			runOnlyForDeploymentPostprocessing = 0;
		};
/* End PBXHeadersBuildPhase section */

/* Begin PBXNativeTarget section */
		C9D5EF611961973A00AEDF1C /* ElektrikTrickQuickLook */ = {
			isa = PBXNativeTarget;
			buildConfigurationList = C9D5EF761961973A00AEDF1C /* Build configuration list for PBXNativeTarget "ElektrikTrickQuickLook" */;
			buildPhases = (
				C9D5EF5C1961973A00AEDF1C /* Sources */,
				C9D5EF5D1961973A00AEDF1C /* Frameworks */,
				C9D5EF5E1961973A00AEDF1C /* Headers */,
				C9D5EF5F1961973A00AEDF1C /* Resources */,
				C9D5EF601961973A00AEDF1C /* Rez */,
				C9D5EF9A196198AC00AEDF1C /* CopyFiles */,
			);
			buildRules = (
			);
			dependencies = (
			);
			name = ElektrikTrickQuickLook;
			productName = ElektrikTrickQuickLook;
			productReference = C9D5EF621961973A00AEDF1C /* ElektrikTrickQuickLook.qlgenerator */;
			productType = "com.apple.product-type.bundle";
		};
		C9F530681BB33D4C00D198AF /* Elektriktrick */ = {
			isa = PBXNativeTarget;
			buildConfigurationList = C9F5307D1BB33D4D00D198AF /* Build configuration list for PBXNativeTarget "Elektriktrick" */;
			buildPhases = (
				C9F530651BB33D4C00D198AF /* Sources */,
				C9F530661BB33D4C00D198AF /* Frameworks */,
				C9F530671BB33D4C00D198AF /* Resources */,
				C9F530841BB340AB00D198AF /* CopyFiles */,
			);
			buildRules = (
			);
			dependencies = (
				C9F530811BB33D6500D198AF /* PBXTargetDependency */,
			);
			name = Elektriktrick;
			productName = Elektriktrick;
			productReference = C9F530691BB33D4C00D198AF /* Elektriktrick.app */;
			productType = "com.apple.product-type.application";
		};
/* End PBXNativeTarget section */

/* Begin PBXProject section */
		C9D5EF351961961800AEDF1C /* Project object */ = {
			isa = PBXProject;
			attributes = {
				LastUpgradeCheck = 0700;
				ORGANIZATIONNAME = "M.Melcher GmbH";
				TargetAttributes = {
					C9F530681BB33D4C00D198AF = {
						CreatedOnToolsVersion = 7.0;
					};
				};
			};
			buildConfigurationList = C9D5EF381961961800AEDF1C /* Build configuration list for PBXProject "Elektriktrick" */;
			compatibilityVersion = "Xcode 3.2";
			developmentRegion = English;
			hasScannedForEncodings = 0;
			knownRegions = (
				en,
				Base,
			);
			mainGroup = C9D5EF341961961800AEDF1C;
			productRefGroup = C9D5EF401961961800AEDF1C /* Products */;
			projectDirPath = "";
			projectRoot = "";
			targets = (
				C9D5EF611961973A00AEDF1C /* ElektrikTrickQuickLook */,
				C9F530681BB33D4C00D198AF /* Elektriktrick */,
			);
		};
/* End PBXProject section */

/* Begin PBXResourcesBuildPhase section */
		C9D5EF5F1961973A00AEDF1C /* Resources */ = {
			isa = PBXResourcesBuildPhase;
			buildActionMask = 2147483647;
			files = (
				C9D5EF7D196197FD00AEDF1C /* InfoPlist.strings in Resources */,
			);
			runOnlyForDeploymentPostprocessing = 0;
		};
		C9F530671BB33D4C00D198AF /* Resources */ = {
			isa = PBXResourcesBuildPhase;
			buildActionMask = 2147483647;
			files = (
				C9F530781BB33D4D00D198AF /* Assets.xcassets in Resources */,
				C9F530761BB33D4C00D198AF /* Document.xib in Resources */,
				C9F5307B1BB33D4D00D198AF /* MainMenu.xib in Resources */,
			);
			runOnlyForDeploymentPostprocessing = 0;
		};
/* End PBXResourcesBuildPhase section */

/* Begin PBXRezBuildPhase section */
		C9D5EF601961973A00AEDF1C /* Rez */ = {
			isa = PBXRezBuildPhase;
			buildActionMask = 2147483647;
			files = (
			);
			runOnlyForDeploymentPostprocessing = 0;
		};
/* End PBXRezBuildPhase section */

/* Begin PBXSourcesBuildPhase section */
		C9D5EF5C1961973A00AEDF1C /* Sources */ = {
			isa = PBXSourcesBuildPhase;
			buildActionMask = 2147483647;
			files = (
				C9D5EF941961981900AEDF1C /* ETTriangle.cpp in Sources */,
				C9D5EF921961981900AEDF1C /* ETQuickLookHelper.mm in Sources */,
				C9D5EF8C1961981900AEDF1C /* ETModel.cpp in Sources */,
				C97E929D1994ECE30078000B /* ETModelBinarySTL.cpp in Sources */,
				C97E92991994EA5B0078000B /* ETModelDXF.cpp in Sources */,
				C97E92A11994EFE70078000B /* ETModelTextSTL.cpp in Sources */,
				C97E92951994E72C0078000B /* ETWireframeModel.cpp in Sources */,
				C9D5EF721961973A00AEDF1C /* main.c in Sources */,
				C9D5EF991961981900AEDF1C /* GenerateThumbnailForURL.mm in Sources */,
				C9D5EF8E1961981900AEDF1C /* ETModelSTL.cpp in Sources */,
				C9D5EF961961981900AEDF1C /* ETVector.cpp in Sources */,
				C97E929119940F340078000B /* ETEdge.cpp in Sources */,
				C9D5EF981961981900AEDF1C /* GeneratePreviewForURL.mm in Sources */,
				C97E928D1993FB180078000B /* ETModelGCode.cpp in Sources */,
			);
			runOnlyForDeploymentPostprocessing = 0;
		};
		C9F530651BB33D4C00D198AF /* Sources */ = {
			isa = PBXSourcesBuildPhase;
			buildActionMask = 2147483647;
			files = (
				C9F530731BB33D4C00D198AF /* Document.m in Sources */,
				C9F530701BB33D4C00D198AF /* main.m in Sources */,
				C9F5306D1BB33D4C00D198AF /* AppDelegate.m in Sources */,
			);
			runOnlyForDeploymentPostprocessing = 0;
		};
/* End PBXSourcesBuildPhase section */

/* Begin PBXTargetDependency section */
		C9F530811BB33D6500D198AF /* PBXTargetDependency */ = {
			isa = PBXTargetDependency;
			target = C9D5EF611961973A00AEDF1C /* ElektrikTrickQuickLook */;
			targetProxy = C9F530801BB33D6500D198AF /* PBXContainerItemProxy */;
		};
/* End PBXTargetDependency section */

/* Begin PBXVariantGroup section */
		C9D5EF79196197FD00AEDF1C /* InfoPlist.strings */ = {
			isa = PBXVariantGroup;
			children = (
				C9D5EF7A196197FD00AEDF1C /* en */,
			);
			name = InfoPlist.strings;
			sourceTree = "<group>";
		};
		C9F530741BB33D4C00D198AF /* Document.xib */ = {
			isa = PBXVariantGroup;
			children = (
				C9F530751BB33D4C00D198AF /* Base */,
			);
			name = Document.xib;
			sourceTree = "<group>";
		};
		C9F530791BB33D4D00D198AF /* MainMenu.xib */ = {
			isa = PBXVariantGroup;
			children = (
				C9F5307A1BB33D4D00D198AF /* Base */,
			);
			name = MainMenu.xib;
			sourceTree = "<group>";
		};
/* End PBXVariantGroup section */

/* Begin XCBuildConfiguration section */
		C9D5EF571961961800AEDF1C /* Debug */ = {
			isa = XCBuildConfiguration;
			buildSettings = {
				ALWAYS_SEARCH_USER_PATHS = NO;
				CLANG_CXX_LANGUAGE_STANDARD = "gnu++0x";
				CLANG_CXX_LIBRARY = "libc++";
				CLANG_ENABLE_MODULES = YES;
				CLANG_ENABLE_OBJC_ARC = YES;
				CLANG_WARN_BOOL_CONVERSION = YES;
				CLANG_WARN_CONSTANT_CONVERSION = YES;
				CLANG_WARN_DIRECT_OBJC_ISA_USAGE = YES_ERROR;
				CLANG_WARN_EMPTY_BODY = YES;
				CLANG_WARN_ENUM_CONVERSION = YES;
				CLANG_WARN_INT_CONVERSION = YES;
				CLANG_WARN_OBJC_ROOT_CLASS = YES_ERROR;
				CLANG_WARN__DUPLICATE_METHOD_MATCH = YES;
				COPY_PHASE_STRIP = NO;
				ENABLE_TESTABILITY = YES;
				GCC_C_LANGUAGE_STANDARD = gnu99;
				GCC_DYNAMIC_NO_PIC = NO;
				GCC_ENABLE_OBJC_EXCEPTIONS = YES;
				GCC_OPTIMIZATION_LEVEL = 0;
				GCC_PREPROCESSOR_DEFINITIONS = (
					"DEBUG=1",
					"$(inherited)",
				);
				GCC_SYMBOLS_PRIVATE_EXTERN = NO;
				GCC_WARN_64_TO_32_BIT_CONVERSION = YES;
				GCC_WARN_ABOUT_RETURN_TYPE = YES_ERROR;
				GCC_WARN_UNDECLARED_SELECTOR = YES;
				GCC_WARN_UNINITIALIZED_AUTOS = YES_AGGRESSIVE;
				GCC_WARN_UNUSED_FUNCTION = YES;
				GCC_WARN_UNUSED_VARIABLE = YES;
				MACOSX_DEPLOYMENT_TARGET = 10.9;
				ONLY_ACTIVE_ARCH = YES;
				SDKROOT = macosx;
			};
			name = Debug;
		};
		C9D5EF581961961800AEDF1C /* Release */ = {
			isa = XCBuildConfiguration;
			buildSettings = {
				ALWAYS_SEARCH_USER_PATHS = NO;
				CLANG_CXX_LANGUAGE_STANDARD = "gnu++0x";
				CLANG_CXX_LIBRARY = "libc++";
				CLANG_ENABLE_MODULES = YES;
				CLANG_ENABLE_OBJC_ARC = YES;
				CLANG_WARN_BOOL_CONVERSION = YES;
				CLANG_WARN_CONSTANT_CONVERSION = YES;
				CLANG_WARN_DIRECT_OBJC_ISA_USAGE = YES_ERROR;
				CLANG_WARN_EMPTY_BODY = YES;
				CLANG_WARN_ENUM_CONVERSION = YES;
				CLANG_WARN_INT_CONVERSION = YES;
				CLANG_WARN_OBJC_ROOT_CLASS = YES_ERROR;
				CLANG_WARN__DUPLICATE_METHOD_MATCH = YES;
				COPY_PHASE_STRIP = YES;
				DEBUG_INFORMATION_FORMAT = "dwarf-with-dsym";
				ENABLE_NS_ASSERTIONS = NO;
				GCC_C_LANGUAGE_STANDARD = gnu99;
				GCC_ENABLE_OBJC_EXCEPTIONS = YES;
				GCC_WARN_64_TO_32_BIT_CONVERSION = YES;
				GCC_WARN_ABOUT_RETURN_TYPE = YES_ERROR;
				GCC_WARN_UNDECLARED_SELECTOR = YES;
				GCC_WARN_UNINITIALIZED_AUTOS = YES_AGGRESSIVE;
				GCC_WARN_UNUSED_FUNCTION = YES;
				GCC_WARN_UNUSED_VARIABLE = YES;
				MACOSX_DEPLOYMENT_TARGET = 10.9;
				SDKROOT = macosx;
			};
			name = Release;
		};
		C9D5EF741961973A00AEDF1C /* Debug */ = {
			isa = XCBuildConfiguration;
			buildSettings = {
				COMBINE_HIDPI_IMAGES = YES;
				FRAMEWORK_SEARCH_PATHS = (
					"$(inherited)",
					"$(PROJECT_DIR)/ElektrikTrickQuickLook",
				);
				GCC_PRECOMPILE_PREFIX_HEADER = YES;
				GCC_PREFIX_HEADER = "ElektrikTrickQuickLook/ElektrikTrickQuickLook-Prefix.pch";
				GCC_PREPROCESSOR_DEFINITIONS = (
					"DEBUG=1",
					"$(inherited)",
				);
				INFOPLIST_FILE = "ElektrikTrickQuickLook/ElektrikTrickQuickLook-Info.plist";
				INSTALL_PATH = /Library/QuickLook;
				PRODUCT_BUNDLE_IDENTIFIER = com.elektriktrick.quicklook;
				PRODUCT_NAME = "$(TARGET_NAME)";
				WRAPPER_EXTENSION = qlgenerator;
			};
			name = Debug;
		};
		C9D5EF751961973A00AEDF1C /* Release */ = {
			isa = XCBuildConfiguration;
			buildSettings = {
				COMBINE_HIDPI_IMAGES = YES;
				FRAMEWORK_SEARCH_PATHS = (
					"$(inherited)",
					"$(PROJECT_DIR)/ElektrikTrickQuickLook",
				);
				GCC_PRECOMPILE_PREFIX_HEADER = YES;
				GCC_PREFIX_HEADER = "ElektrikTrickQuickLook/ElektrikTrickQuickLook-Prefix.pch";
				INFOPLIST_FILE = "ElektrikTrickQuickLook/ElektrikTrickQuickLook-Info.plist";
				INSTALL_PATH = /Library/QuickLook;
				PRODUCT_BUNDLE_IDENTIFIER = com.elektriktrick.quicklook;
				PRODUCT_NAME = "$(TARGET_NAME)";
				WRAPPER_EXTENSION = qlgenerator;
			};
			name = Release;
		};
		C9F5307E1BB33D4D00D198AF /* Debug */ = {
			isa = XCBuildConfiguration;
			buildSettings = {
				ASSETCATALOG_COMPILER_APPICON_NAME = AppIcon;
				CLANG_WARN_UNREACHABLE_CODE = YES;
				CODE_SIGN_IDENTITY = "-";
				COMBINE_HIDPI_IMAGES = YES;
				DEBUG_INFORMATION_FORMAT = dwarf;
				ENABLE_STRICT_OBJC_MSGSEND = YES;
				GCC_NO_COMMON_BLOCKS = YES;
				INFOPLIST_FILE = Elektriktrick/Info.plist;
				LD_RUNPATH_SEARCH_PATHS = "$(inherited) @executable_path/../Frameworks";
				MACOSX_DEPLOYMENT_TARGET = 10.10;
				MTL_ENABLE_DEBUG_INFO = YES;
				PRODUCT_BUNDLE_IDENTIFIER = com.matthiasm.elektriktrick.app.Elektriktrick;
				PRODUCT_NAME = "$(TARGET_NAME)";
			};
			name = Debug;
		};
		C9F5307F1BB33D4D00D198AF /* Release */ = {
			isa = XCBuildConfiguration;
			buildSettings = {
				ASSETCATALOG_COMPILER_APPICON_NAME = AppIcon;
				CLANG_WARN_UNREACHABLE_CODE = YES;
				CODE_SIGN_IDENTITY = "-";
				COMBINE_HIDPI_IMAGES = YES;
				COPY_PHASE_STRIP = NO;
				ENABLE_STRICT_OBJC_MSGSEND = YES;
				GCC_NO_COMMON_BLOCKS = YES;
				INFOPLIST_FILE = Elektriktrick/Info.plist;
				LD_RUNPATH_SEARCH_PATHS = "$(inherited) @executable_path/../Frameworks";
				MACOSX_DEPLOYMENT_TARGET = 10.10;
				MTL_ENABLE_DEBUG_INFO = NO;
				PRODUCT_BUNDLE_IDENTIFIER = com.matthiasm.elektriktrick.app.Elektriktrick;
				PRODUCT_NAME = "$(TARGET_NAME)";
			};
			name = Release;
		};
/* End XCBuildConfiguration section */

/* Begin XCConfigurationList section */
		C9D5EF381961961800AEDF1C /* Build configuration list for PBXProject "Elektriktrick" */ = {
			isa = XCConfigurationList;
			buildConfigurations = (
				C9D5EF571961961800AEDF1C /* Debug */,
				C9D5EF581961961800AEDF1C /* Release */,
			);
			defaultConfigurationIsVisible = 0;
			defaultConfigurationName = Release;
		};
		C9D5EF761961973A00AEDF1C /* Build configuration list for PBXNativeTarget "ElektrikTrickQuickLook" */ = {
			isa = XCConfigurationList;
			buildConfigurations = (
				C9D5EF741961973A00AEDF1C /* Debug */,
				C9D5EF751961973A00AEDF1C /* Release */,
			);
			defaultConfigurationIsVisible = 0;
			defaultConfigurationName = Release;
		};
		C9F5307D1BB33D4D00D198AF /* Build configuration list for PBXNativeTarget "Elektriktrick" */ = {
			isa = XCConfigurationList;
			buildConfigurations = (
				C9F5307E1BB33D4D00D198AF /* Debug */,
				C9F5307F1BB33D4D00D198AF /* Release */,
			);
			defaultConfigurationIsVisible = 0;
		};
/* End XCConfigurationList section */
	};
	rootObject = C9D5EF351961961800AEDF1C /* Project object */;
}
